
Microsoft Visual Studio Solution File, Format Version 12.00
# Visual Studio Version 17
VisualStudioVersion = 17.11.35327.3
MinimumVisualStudioVersion = 10.0.40219.1
Project("{FAE04EC0-301F-11D3-BF4B-00C04F79EFBC}") = "Assignment 1", "Assignment 1\Assignment 1.csproj", "{CB25A8E3-2271-4770-AC8F-4960E982BF1C}"
EndProject
Global
	GlobalSection(SolutionConfigurationPlatforms) = preSolution
		Debug|Any CPU = Debug|Any CPU
		Release|Any CPU = Release|Any CPU
	EndGlobalSection
	GlobalSection(ProjectConfigurationPlatforms) = postSolution
		{CB25A8E3-2271-4770-AC8F-4960E982BF1C}.Debug|Any CPU.ActiveCfg = Debug|Any CPU
		{CB25A8E3-2271-4770-AC8F-4960E982BF1C}.Debug|Any CPU.Build.0 = Debug|Any CPU
		{CB25A8E3-2271-4770-AC8F-4960E982BF1C}.Release|Any CPU.ActiveCfg = Release|Any CPU
		{CB25A8E3-2271-4770-AC8F-4960E982BF1C}.Release|Any CPU.Build.0 = Release|Any CPU
	EndGlobalSection
	GlobalSection(SolutionProperties) = preSolution
		HideSolutionNode = FALSE
	EndGlobalSection
	GlobalSection(ExtensibilityGlobals) = postSolution
		SolutionGuid = {864931AD-4522-48F5-9D08-EA0A44F87365}
	EndGlobalSection
EndGlobal
