
Microsoft Visual Studio Solution File, Format Version 12.00
# Visual Studio Version 16
VisualStudioVersion = 16.0.35425.106
MinimumVisualStudioVersion = 10.0.40219.1
Project("{FAE04EC0-301F-11D3-BF4B-00C04F79EFBC}") = "Assessment_1_question_1", "Assessment_1_question_1\Assessment_1_question_1.csproj", "{7CD12ACE-5FDA-418A-996A-54212F8B2633}"
EndProject
Global
	GlobalSection(SolutionConfigurationPlatforms) = preSolution
		Debug|Any CPU = Debug|Any CPU
		Release|Any CPU = Release|Any CPU
	EndGlobalSection
	GlobalSection(ProjectConfigurationPlatforms) = postSolution
		{7CD12ACE-5FDA-418A-996A-54212F8B2633}.Debug|Any CPU.ActiveCfg = Debug|Any CPU
		{7CD12ACE-5FDA-418A-996A-54212F8B2633}.Debug|Any CPU.Build.0 = Debug|Any CPU
		{7CD12ACE-5FDA-418A-996A-54212F8B2633}.Release|Any CPU.ActiveCfg = Release|Any CPU
		{7CD12ACE-5FDA-418A-996A-54212F8B2633}.Release|Any CPU.Build.0 = Release|Any CPU
	EndGlobalSection
	GlobalSection(SolutionProperties) = preSolution
		HideSolutionNode = FALSE
	EndGlobalSection
	GlobalSection(ExtensibilityGlobals) = postSolution
		SolutionGuid = {52C398AF-3F46-4A83-9147-521D0A7F52D7}
	EndGlobalSection
EndGlobal
